Microsoft Visual Studio Solution File, Format Version 11.00
# Visual Studio 2008

Project("{D88BBDEB-8EA0-D846-F064-79BEC4BF2D73}") = "TitS", "Assembly-CSharp-firstpass.csproj", "{9BAC1CC9-1FCC-FCB0-965C-187CE1A96759}"
EndProject
Project("{D88BBDEB-8EA0-D846-F064-79BEC4BF2D73}") = "TitS", "Assembly-CSharp.csproj", "{9ECC55A7-FB0A-1483-CF28-1E5A07EAC44C}"
EndProject
Project("{D88BBDEB-8EA0-D846-F064-79BEC4BF2D73}") = "TitS", "Assembly-CSharp-Editor.csproj", "{C9808BD7-817D-5FEE-21F2-F1E8E639E48F}"
EndProject
Project("{D88BBDEB-8EA0-D846-F064-79BEC4BF2D73}") = "TitS", "Assembly-UnityScript-firstpass.unityproj", "{E8D02A9C-3A50-79DF-5B27-1303A7B4577B}"
EndProject
Project("{D88BBDEB-8EA0-D846-F064-79BEC4BF2D73}") = "TitS", "Assembly-UnityScript.unityproj", "{D3C47BF7-AEB8-47D1-06B3-3A9BDADE9970}"
EndProject
Project("{D88BBDEB-8EA0-D846-F064-79BEC4BF2D73}") = "TitS", "Assembly-UnityScript-Editor.unityproj", "{E6D03583-32D8-1ADF-EE7D-7B59BD7CC525}"
EndProject
Global
	GlobalSection(SolutionConfigurationPlatforms) = preSolution
		Debug|Any CPU = Debug|Any CPU
		Release|Any CPU = Release|Any CPU
	EndGlobalSection
	GlobalSection(ProjectConfigurationPlatforms) = postSolution
		{9BAC1CC9-1FCC-FCB0-965C-187CE1A96759}.Debug|Any CPU.ActiveCfg = Debug|Any CPU
		{9BAC1CC9-1FCC-FCB0-965C-187CE1A96759}.Debug|Any CPU.Build.0 = Debug|Any CPU
		{9BAC1CC9-1FCC-FCB0-965C-187CE1A96759}.Release|Any CPU.ActiveCfg = Release|Any CPU
		{9BAC1CC9-1FCC-FCB0-965C-187CE1A96759}.Release|Any CPU.Build.0 = Release|Any CPU
		{9ECC55A7-FB0A-1483-CF28-1E5A07EAC44C}.Debug|Any CPU.ActiveCfg = Debug|Any CPU
		{9ECC55A7-FB0A-1483-CF28-1E5A07EAC44C}.Debug|Any CPU.Build.0 = Debug|Any CPU
		{9ECC55A7-FB0A-1483-CF28-1E5A07EAC44C}.Release|Any CPU.ActiveCfg = Release|Any CPU
		{9ECC55A7-FB0A-1483-CF28-1E5A07EAC44C}.Release|Any CPU.Build.0 = Release|Any CPU
		{C9808BD7-817D-5FEE-21F2-F1E8E639E48F}.Debug|Any CPU.ActiveCfg = Debug|Any CPU
		{C9808BD7-817D-5FEE-21F2-F1E8E639E48F}.Debug|Any CPU.Build.0 = Debug|Any CPU
		{C9808BD7-817D-5FEE-21F2-F1E8E639E48F}.Release|Any CPU.ActiveCfg = Release|Any CPU
		{C9808BD7-817D-5FEE-21F2-F1E8E639E48F}.Release|Any CPU.Build.0 = Release|Any CPU
		{E8D02A9C-3A50-79DF-5B27-1303A7B4577B}.Debug|Any CPU.ActiveCfg = Debug|Any CPU
		{E8D02A9C-3A50-79DF-5B27-1303A7B4577B}.Debug|Any CPU.Build.0 = Debug|Any CPU
		{E8D02A9C-3A50-79DF-5B27-1303A7B4577B}.Release|Any CPU.ActiveCfg = Release|Any CPU
		{E8D02A9C-3A50-79DF-5B27-1303A7B4577B}.Release|Any CPU.Build.0 = Release|Any CPU
		{D3C47BF7-AEB8-47D1-06B3-3A9BDADE9970}.Debug|Any CPU.ActiveCfg = Debug|Any CPU
		{D3C47BF7-AEB8-47D1-06B3-3A9BDADE9970}.Debug|Any CPU.Build.0 = Debug|Any CPU
		{D3C47BF7-AEB8-47D1-06B3-3A9BDADE9970}.Release|Any CPU.ActiveCfg = Release|Any CPU
		{D3C47BF7-AEB8-47D1-06B3-3A9BDADE9970}.Release|Any CPU.Build.0 = Release|Any CPU
		{E6D03583-32D8-1ADF-EE7D-7B59BD7CC525}.Debug|Any CPU.ActiveCfg = Debug|Any CPU
		{E6D03583-32D8-1ADF-EE7D-7B59BD7CC525}.Debug|Any CPU.Build.0 = Debug|Any CPU
		{E6D03583-32D8-1ADF-EE7D-7B59BD7CC525}.Release|Any CPU.ActiveCfg = Release|Any CPU
		{E6D03583-32D8-1ADF-EE7D-7B59BD7CC525}.Release|Any CPU.Build.0 = Release|Any CPU
	EndGlobalSection
	GlobalSection(SolutionProperties) = preSolution
		HideSolutionNode = FALSE
	EndGlobalSection
																		GlobalSection(MonoDevelopProperties) = preSolution
=======
										GlobalSection(MonoDevelopProperties) = preSolution
>>>>>>> f6ff8ce18c52a03d740c58c2fbcbfa9845fd3c91
		StartupItem = Assembly-CSharp.csproj
		Policies = $0
		$0.TextStylePolicy = $1
		$1.inheritsSet = null
		$1.scope = text/x-csharp
		$0.CSharpFormattingPolicy = $2
		$2.inheritsSet = Mono
		$2.inheritsScope = text/x-csharp
		$2.scope = text/x-csharp
		$0.TextStylePolicy = $3
		$3.FileWidth = 120
		$3.TabWidth = 4
		$3.EolMarker = Unix
		$3.inheritsSet = Mono
		$3.inheritsScope = text/plain
		$3.scope = text/plain
	EndGlobalSection

EndGlobal
